{
  "name": "hello-wagi",
  "version": "1.0.0",
  "lockfileVersion": 1,
  "requires": true,
  "dependencies": {
    "@assemblyscript/loader": {
      "version": "0.15.2",
      "resolved": "https://registry.npmjs.org/@assemblyscript/loader/-/loader-0.15.2.tgz",
      "integrity": "sha512-HZEt5CGIXRLVqaCwHrlWyc3qQRFH8PCgPOE0Kz+OIjFl8wzOQ95POaCPmh2opol4UnE0Lo0WxeRvDMcOFcjMTQ=="
    },
    "as-wasi": {
      "version": "0.2.1",
      "resolved": "https://registry.npmjs.org/as-wasi/-/as-wasi-0.2.1.tgz",
      "integrity": "sha512-GeMIoyQU6coHIbKXkJlojXA33rCoCs7i3N++9isY+Yu3qFqGW/1KVn5OGM6CP2B+jy2pbibUVAjCoLHC0vmyuA==",
      "dev": true
    },
    "assemblyscript": {
      "version": "0.15.2",
      "resolved": "https://registry.npmjs.org/assemblyscript/-/assemblyscript-0.15.2.tgz",
      "integrity": "sha512-o4tjNWzE1i1d38Ga8uXQLJoO6wuz+WKL45Vg8uWZcfrbAO+K9pfjBGg+XveBU9lqjxQ/ScaX7V9k2LXnuokpmw==",
      "dev": true,
      "requires": {
        "binaryen": "97.0.0-nightly.20201008",
        "long": "^4.0.0"
      }
    },
    "binaryen": {
      "version": "97.0.0-nightly.20201008",
      "resolved": "https://registry.npmjs.org/binaryen/-/binaryen-97.0.0-nightly.20201008.tgz",
      "integrity": "sha512-GWV30FOQqz+vBIZRbc7GSasLNhh8BNLKH+2u2j5BjqM0WOEqqaP5iSj0mq72We2aVYqpBajJPI/CORY6o2RBxA==",
      "dev": true
    },
    "long": {
      "version": "4.0.0",
      "resolved": "https://registry.npmjs.org/long/-/long-4.0.0.tgz",
      "integrity": "sha512-XsP+KhQif4bjX1kbuSiySJFNAehNxgLb6hPRGJ9QsUr8ajHkuXGdrHmFUTUUXhDwVX2R5bY4JNZEwbUiMhV+MA==",
      "dev": true
    }
  }
}
